# This file was autogenerated by Stack.
# You should not edit this file by hand.
# For more information, please see the documentation at:
#   https://docs.haskellstack.org/en/stable/lock_files

packages:
- completed:
    subdir: inline
    cabal-file:
      size: 815
      sha256: d5d57292bfce1359b27af708ad985b12b777a85fdd8b4fd2325e4d4fa30b0009
    name: concat-inline
    version: 0.1.0.0
    git: https://github.com/conal/concat.git
    pantry-tree:
      size: 319
      sha256: 54fc1efd925d33e67eddaf121419ebd59f15b775c84d8e381a58832f17680fda
    commit: 86f151eb7555a8738ad3375d6eeb2c01910baf60
  original:
    subdir: inline
    git: https://github.com/conal/concat.git
    commit: 86f151eb7555a8738ad3375d6eeb2c01910baf60
- completed:
    subdir: known
    cabal-file:
      size: 745
      sha256: 178fc68696d689967156e319fd086dfaaad0b0ef71414603e019b80228775aac
    name: concat-known
    version: 0.1.0.0
    git: https://github.com/conal/concat.git
    pantry-tree:
      size: 168
      sha256: 32bfd2141c47e73bb9f7caea8866a62490913cea7c48eced10dc77f547cec134
    commit: 86f151eb7555a8738ad3375d6eeb2c01910baf60
  original:
    subdir: known
    git: https://github.com/conal/concat.git
    commit: 86f151eb7555a8738ad3375d6eeb2c01910baf60
- completed:
    subdir: satisfy
    cabal-file:
      size: 941
      sha256: 756cb8966beb6970cf86b6b07814f0c2009000b4b0f90504c7ae7b10d8b70176
    name: concat-satisfy
    version: 0.1.0.0
    git: https://github.com/conal/concat.git
    pantry-tree:
      size: 374
      sha256: 19428f6ff918abfe6d9115df2e7a4e9134aa7a658a271cf507adcca751eec077
    commit: 86f151eb7555a8738ad3375d6eeb2c01910baf60
  original:
    subdir: satisfy
    git: https://github.com/conal/concat.git
    commit: 86f151eb7555a8738ad3375d6eeb2c01910baf60
- completed:
    subdir: classes
    cabal-file:
      size: 1939
      sha256: ee9e21f46d91d0ce03f30ffdce2cc24015461e7dee2ae46c5d055d9de4371c83
    name: concat-classes
    version: 0.3.0.0
    git: https://github.com/conal/concat.git
    pantry-tree:
      size: 1067
      sha256: 8c1316189dcc813bfa8d5f38ec02b6a09ee28f612cfd87dddaa8c21a21d3451d
    commit: 86f151eb7555a8738ad3375d6eeb2c01910baf60
  original:
    subdir: classes
    git: https://github.com/conal/concat.git
    commit: 86f151eb7555a8738ad3375d6eeb2c01910baf60
- completed:
    subdir: plugin
    cabal-file:
      size: 1498
      sha256: fea0807ab4d665399239f22f7e46ee33121db53be27b698afc9a31aac6c59e25
    name: concat-plugin
    version: 0.3.0.0
    git: https://github.com/conal/concat.git
    pantry-tree:
      size: 460
      sha256: 16e1bbb87759f0eab289325942a13cdbfd080cfff985ad0514e83d8109db0ae8
    commit: 86f151eb7555a8738ad3375d6eeb2c01910baf60
  original:
    subdir: plugin
    git: https://github.com/conal/concat.git
    commit: 86f151eb7555a8738ad3375d6eeb2c01910baf60
- completed:
    subdir: examples
    cabal-file:
      size: 8715
      sha256: 2d464a6d3d75012af963aa875e1c77b2dbe7658de65c98ff5277fdc528a35c4d
    name: concat-examples
    version: 0.3.0.0
    git: https://github.com/conal/concat.git
    pantry-tree:
      size: 9186
      sha256: f21ba8052d19fe06bf4c22025eb6e46eefef51ef152fa07d88fd0c0353d0e4c9
    commit: 86f151eb7555a8738ad3375d6eeb2c01910baf60
  original:
    subdir: examples
    git: https://github.com/conal/concat.git
    commit: 86f151eb7555a8738ad3375d6eeb2c01910baf60
- completed:
    subdir: graphics
    cabal-file:
      size: 2616
      sha256: a3c50882bf99d0206261722f02a5fd1c198a664b96e9fc676c1af45b7e4b83d8
    name: concat-graphics
    version: 0.1.0.0
    git: https://github.com/conal/concat.git
    pantry-tree:
      size: 641
      sha256: 926213faef4933b190d0c911bf73ad4bf1959847a405dbcb8fdb1dfddf903a27
    commit: 86f151eb7555a8738ad3375d6eeb2c01910baf60
  original:
    subdir: graphics
    git: https://github.com/conal/concat.git
    commit: 86f151eb7555a8738ad3375d6eeb2c01910baf60
- completed:
    subdir: hardware
    cabal-file:
      size: 3250
      sha256: 9d76a6d3d7319f416bd2ef644ed921b88eb3927cf9d5c23132cc6268b150dfe0
    name: concat-hardware
    version: 0.1.0.0
    git: https://github.com/conal/concat.git
    pantry-tree:
      size: 500
      sha256: a638206be5f573f7d82af885831d89a52ed324d3f63223ae5e529e585e004c43
    commit: 86f151eb7555a8738ad3375d6eeb2c01910baf60
  original:
    subdir: hardware
    git: https://github.com/conal/concat.git
    commit: 86f151eb7555a8738ad3375d6eeb2c01910baf60
snapshots:
- completed:
    size: 524799
    url: https://raw.githubusercontent.com/commercialhaskell/stackage-snapshots/master/lts/14/17.yaml
    sha256: 1d72b33c0fc048e23f4f18fd76a6ad79dd1d8a3c054644098a71a09855e40c7c
  original: lts-14.17
